
Microsoft Visual Studio Solution File, Format Version 12.00
# Visual Studio Version 17
VisualStudioVersion = 17.9.34728.123
MinimumVisualStudioVersion = 10.0.40219.1
Project("{FAE04EC0-301F-11D3-BF4B-00C04F79EFBC}") = "Client", "Client.csproj", "{CD11A662-6D67-4F25-A427-D9528F72F96D}"
EndProject
Global
	GlobalSection(SolutionConfigurationPlatforms) = preSolution
		Debug|Any CPU = Debug|Any CPU
		Release|Any CPU = Release|Any CPU
	EndGlobalSection
	GlobalSection(ProjectConfigurationPlatforms) = postSolution
		{CD11A662-6D67-4F25-A427-D9528F72F96D}.Debug|Any CPU.ActiveCfg = Debug|Any CPU
		{CD11A662-6D67-4F25-A427-D9528F72F96D}.Debug|Any CPU.Build.0 = Debug|Any CPU
		{CD11A662-6D67-4F25-A427-D9528F72F96D}.Release|Any CPU.ActiveCfg = Release|Any CPU
		{CD11A662-6D67-4F25-A427-D9528F72F96D}.Release|Any CPU.Build.0 = Release|Any CPU
	EndGlobalSection
	GlobalSection(SolutionProperties) = preSolution
		HideSolutionNode = FALSE
	EndGlobalSection
	GlobalSection(ExtensibilityGlobals) = postSolution
		SolutionGuid = {883346C6-B804-4178-A2C7-81814187EC52}
	EndGlobalSection
EndGlobal
